<Solution>
  <Project Path="AddToArrayForm/AddToArrayForm.csproj" Id="7904a89c-96a3-4c0d-881e-20e68845eb24" />
  <Project Path="F:/Programing/LeetCode/CSharp/LeetCode/AddDigits/AddDigits.csproj" Id="2ecd2d91-11ca-42e2-b2cd-b5707cfb6893" />
  <Project Path="F:/Programing/LeetCode/CSharp/LeetCode/ContainsDuplicate/ContainsDuplicate.csproj" Id="1003402b-3a22-4e60-becf-1924e8b1bb26" />
  <Project Path="F:/Programing/LeetCode/CSharp/LeetCode/IsAnagram/IsAnagram.csproj" Id="7dbb5cea-7491-4ca9-bb3c-dfb5fb86f2ff" />
  <Project Path="F:/Programing/LeetCode/CSharp/LeetCode/IsPalindrome/IsPalindrome.csproj" Id="017810a6-8bc9-4b7f-99a6-fe3af76b130d" />
  <Project Path="F:/Programing/LeetCode/CSharp/LeetCode/IsValid/IsValid.csproj" Id="4425d755-a52e-4a1c-a568-f34810bc8123" />
  <Project Path="F:/Programing/LeetCode/CSharp/LeetCode/LongestCommonPrefix/LongestCommonPrefix.csproj" />
  <Project Path="F:/Programing/LeetCode/CSharp/LeetCode/MaxDistinct/MaxDistinct.csproj" Id="8a5db1e6-44fd-4888-b813-29d7d3da66e6" />
  <Project Path="F:/Programing/LeetCode/CSharp/LeetCode/PlusOne/PlusOne.csproj" Id="e52da157-d3f2-491d-9f4d-2a2167f94f30" />
  <Project Path="F:/Programing/LeetCode/CSharp/LeetCode/RemoveDuplicates/RemoveDuplicates.csproj" Id="c1f14d61-f3ae-4b02-b95b-26684b158862" />
  <Project Path="F:/Programing/LeetCode/CSharp/LeetCode/RemoveElement/RemoveElement.csproj" Id="b3c9871a-27db-4065-a072-95710fb382ac" />
  <Project Path="F:/Programing/LeetCode/CSharp/LeetCode/Search/Search.csproj" Id="fc8758ac-a1a4-4151-9fcf-875bb75ade69" />
  <Project Path="FindWords/FindWords.csproj" Id="a1424808-fba5-400a-a604-ad9b6401b185" />
  <Project Path="FizzBuzz/FizzBuzz.csproj" Id="e966e065-7794-4814-adbc-7afedc8b5042" />
  <Project Path="Intersection/Intersection.csproj" Id="725e3e36-1784-47b7-8fc9-9a9c31913ce8" />
  <Project Path="IsPalindrome125/IsPalindrome125.csproj" Id="fe182cb1-4ce5-404c-9ad3-02ae16a3e16d" />
  <Project Path="MoveZeroes/MoveZeroes.csproj" Id="d7f2bcb0-453a-43b5-ae89-c1d5c0e7fefe" />
  <Project Path="NextGreatestLetter/NextGreatestLetter.csproj" Id="45bdad5c-8ede-4e4f-a593-553930e1f8a4" />
  <Project Path="ShortestToChar/ShortestToChar.csproj" Id="f5760b68-a218-4f63-9d2e-392c619acae6" />
  <Project Path="SumOfUnique/SumOfUnique.csproj" Id="6c169ba6-6f4e-4376-902f-7ca95f121dfa" />
  <Project Path="ThirdMax/ThirdMax.csproj" Id="cfeea141-660b-411f-b94d-5120508e0c33" />
  <Project Path="TransformArray/TransformArray.csproj" Id="9b2de4ad-fa08-4cd9-958d-66a5e52894f5" />
</Solution>
